{
  "name": "belajarscraping",
  "version": "1.0.0",
  "lockfileVersion": 3,
  "requires": true,
  "packages": {
    "": {
      "name": "belajarscraping",
      "version": "1.0.0",
      "license": "ISC",
      "dependencies": {
        "playwright": "^1.50.0",
        "user-agents": "^1.1.433"
      }
    },
    "node_modules/fsevents": {
      "version": "2.3.2",
      "resolved": "https://registry.npmjs.org/fsevents/-/fsevents-2.3.2.tgz",
      "integrity": "sha512-xiqMQR4xAeHTuB9uWm+fFRcIOgKBMiOBP+eXiyT7jsgVCq1bkVygt00oASowB7EdtpOHaaPgKt812P9ab+DDKA==",
      "hasInstallScript": true,
      "license": "MIT",
      "optional": true,
      "os": [
        "darwin"
      ],
      "engines": {
        "node": "^8.16.0 || ^10.6.0 || >=11.0.0"
      }
    },
    "node_modules/lodash.clonedeep": {
      "version": "4.5.0",
      "resolved": "https://registry.npmjs.org/lodash.clonedeep/-/lodash.clonedeep-4.5.0.tgz",
      "integrity": "sha512-H5ZhCF25riFd9uB5UCkVKo61m3S/xZk1x4wA6yp/L3RFP6Z/eHH1ymQcGLo7J3GMPfm0V/7m1tryHuGVxpqEBQ==",
      "license": "MIT"
    },
    "node_modules/playwright": {
      "version": "1.50.0",
      "resolved": "https://registry.npmjs.org/playwright/-/playwright-1.50.0.tgz",
      "integrity": "sha512-+GinGfGTrd2IfX1TA4N2gNmeIksSb+IAe589ZH+FlmpV3MYTx6+buChGIuDLQwrGNCw2lWibqV50fU510N7S+w==",
      "license": "Apache-2.0",
      "dependencies": {
        "playwright-core": "1.50.0"
      },
      "bin": {
        "playwright": "cli.js"
      },
      "engines": {
        "node": ">=18"
      },
      "optionalDependencies": {
        "fsevents": "2.3.2"
      }
    },
    "node_modules/playwright-core": {
      "version": "1.50.0",
      "resolved": "https://registry.npmjs.org/playwright-core/-/playwright-core-1.50.0.tgz",
      "integrity": "sha512-CXkSSlr4JaZs2tZHI40DsZUN/NIwgaUPsyLuOAaIZp2CyF2sN5MM5NJsyB188lFSSozFxQ5fPT4qM+f0tH/6wQ==",
      "license": "Apache-2.0",
      "bin": {
        "playwright-core": "cli.js"
      },
      "engines": {
        "node": ">=18"
      }
    },
    "node_modules/user-agents": {
      "version": "1.1.433",
      "resolved": "https://registry.npmjs.org/user-agents/-/user-agents-1.1.433.tgz",
      "integrity": "sha512-BeDx25G7GqDmeO83cmeyrRu+qjENq0p9zyZkaKAsAkmHPoPjfF3BgshFQ6y8V94UfPeL0sF5D03hsXLU4wIAWw==",
      "license": "BSD-2-Clause",
      "dependencies": {
        "lodash.clonedeep": "^4.5.0"
      }
    }
  }
}
